// !$*UTF8*$!
{
	archiveVersion = 1;
	classes = {
	};
	objectVersion = 56;
	objects = {

/* Begin PBXBuildFile section */
		B16D78F82CCD7A24005611FD /* Linkify.framework in Frameworks */ = {isa = PBXBuildFile; fileRef = B16D78EF2CCD7A24005611FD /* Linkify.framework */; };
		B16D78FD2CCD7A24005611FD /* LinkifyTests.swift in Sources */ = {isa = PBXBuildFile; fileRef = B16D78FC2CCD7A24005611FD /* LinkifyTests.swift */; };
		B16D790F2CCD8243005611FD /* LinkifyService.swift in Sources */ = {isa = PBXBuildFile; fileRef = B16D790E2CCD8243005611FD /* LinkifyService.swift */; };
		B16D79152CCD88BF005611FD /* LICENSE.txt in Resources */ = {isa = PBXBuildFile; fileRef = B16D79142CCD88BF005611FD /* LICENSE.txt */; };
		B18CF0B02CCDED6E003DA801 /* Package.swift in Sources */ = {isa = PBXBuildFile; fileRef = B18CF0AF2CCDED6E003DA801 /* Package.swift */; };
/* End PBXBuildFile section */

/* Begin PBXContainerItemProxy section */
		B16D78F92CCD7A24005611FD /* PBXContainerItemProxy */ = {
			isa = PBXContainerItemProxy;
			containerPortal = B16D78E62CCD7A23005611FD /* Project object */;
			proxyType = 1;
			remoteGlobalIDString = B16D78EE2CCD7A23005611FD;
			remoteInfo = Linkify;
		};
/* End PBXContainerItemProxy section */

/* Begin PBXFileReference section */
		B16D78EF2CCD7A24005611FD /* Linkify.framework */ = {isa = PBXFileReference; explicitFileType = wrapper.framework; includeInIndex = 0; path = Linkify.framework; sourceTree = BUILT_PRODUCTS_DIR; };
		B16D78F72CCD7A24005611FD /* LinkifyTests.xctest */ = {isa = PBXFileReference; explicitFileType = wrapper.cfbundle; includeInIndex = 0; path = LinkifyTests.xctest; sourceTree = BUILT_PRODUCTS_DIR; };
		B16D78FC2CCD7A24005611FD /* LinkifyTests.swift */ = {isa = PBXFileReference; lastKnownFileType = sourcecode.swift; path = LinkifyTests.swift; sourceTree = "<group>"; };
		B16D790E2CCD8243005611FD /* LinkifyService.swift */ = {isa = PBXFileReference; lastKnownFileType = sourcecode.swift; path = LinkifyService.swift; sourceTree = "<group>"; };
		B16D79142CCD88BF005611FD /* LICENSE.txt */ = {isa = PBXFileReference; lastKnownFileType = text; path = LICENSE.txt; sourceTree = "<group>"; };
		B18CF0AF2CCDED6E003DA801 /* Package.swift */ = {isa = PBXFileReference; lastKnownFileType = sourcecode.swift; path = Package.swift; sourceTree = "<group>"; };
/* End PBXFileReference section */

/* Begin PBXFrameworksBuildPhase section */
		B16D78EC2CCD7A23005611FD /* Frameworks */ = {
			isa = PBXFrameworksBuildPhase;
			buildActionMask = 2147483647;
			files = (
			);
			runOnlyForDeploymentPostprocessing = 0;
		};
		B16D78F42CCD7A24005611FD /* Frameworks */ = {
			isa = PBXFrameworksBuildPhase;
			buildActionMask = 2147483647;
			files = (
				B16D78F82CCD7A24005611FD /* Linkify.framework in Frameworks */,
			);
			runOnlyForDeploymentPostprocessing = 0;
		};
/* End PBXFrameworksBuildPhase section */

/* Begin PBXGroup section */
		B16D78E52CCD7A23005611FD = {
			isa = PBXGroup;
			children = (
				B16D79142CCD88BF005611FD /* LICENSE.txt */,
				B18CF0AF2CCDED6E003DA801 /* Package.swift */,
				B18CF0B22CCDEDCF003DA801 /* Sources */,
				B18CF0B12CCDEDBA003DA801 /* Tests */,
				B16D78F02CCD7A24005611FD /* Products */,
			);
			sourceTree = "<group>";
		};
		B16D78F02CCD7A24005611FD /* Products */ = {
			isa = PBXGroup;
			children = (
				B16D78EF2CCD7A24005611FD /* Linkify.framework */,
				B16D78F72CCD7A24005611FD /* LinkifyTests.xctest */,
			);
			name = Products;
			sourceTree = "<group>";
		};
		B16D78F12CCD7A24005611FD /* Linkify */ = {
			isa = PBXGroup;
			children = (
				B16D790E2CCD8243005611FD /* LinkifyService.swift */,
			);
			path = Linkify;
			sourceTree = "<group>";
		};
		B16D78FB2CCD7A24005611FD /* LinkifyTests */ = {
			isa = PBXGroup;
			children = (
				B16D78FC2CCD7A24005611FD /* LinkifyTests.swift */,
			);
			path = LinkifyTests;
			sourceTree = "<group>";
		};
		B18CF0B12CCDEDBA003DA801 /* Tests */ = {
			isa = PBXGroup;
			children = (
				B16D78FB2CCD7A24005611FD /* LinkifyTests */,
			);
			path = Tests;
			sourceTree = "<group>";
		};
		B18CF0B22CCDEDCF003DA801 /* Sources */ = {
			isa = PBXGroup;
			children = (
				B16D78F12CCD7A24005611FD /* Linkify */,
			);
			path = Sources;
			sourceTree = "<group>";
		};
/* End PBXGroup section */

/* Begin PBXHeadersBuildPhase section */
		B16D78EA2CCD7A23005611FD /* Headers */ = {
			isa = PBXHeadersBuildPhase;
			buildActionMask = 2147483647;
			files = (
			);
			runOnlyForDeploymentPostprocessing = 0;
		};
/* End PBXHeadersBuildPhase section */

/* Begin PBXNativeTarget section */
		B16D78EE2CCD7A23005611FD /* Linkify */ = {
			isa = PBXNativeTarget;
			buildConfigurationList = B16D79012CCD7A24005611FD /* Build configuration list for PBXNativeTarget "Linkify" */;
			buildPhases = (
				B16D78EA2CCD7A23005611FD /* Headers */,
				B16D78EB2CCD7A23005611FD /* Sources */,
				B16D78EC2CCD7A23005611FD /* Frameworks */,
				B16D78ED2CCD7A23005611FD /* Resources */,
			);
			buildRules = (
			);
			dependencies = (
			);
			name = Linkify;
			productName = Linkify;
			productReference = B16D78EF2CCD7A24005611FD /* Linkify.framework */;
			productType = "com.apple.product-type.framework";
		};
		B16D78F62CCD7A24005611FD /* LinkifyTests */ = {
			isa = PBXNativeTarget;
			buildConfigurationList = B16D79042CCD7A24005611FD /* Build configuration list for PBXNativeTarget "LinkifyTests" */;
			buildPhases = (
				B16D78F32CCD7A24005611FD /* Sources */,
				B16D78F42CCD7A24005611FD /* Frameworks */,
				B16D78F52CCD7A24005611FD /* Resources */,
			);
			buildRules = (
			);
			dependencies = (
				B16D78FA2CCD7A24005611FD /* PBXTargetDependency */,
			);
			name = LinkifyTests;
			productName = LinkifyTests;
			productReference = B16D78F72CCD7A24005611FD /* LinkifyTests.xctest */;
			productType = "com.apple.product-type.bundle.unit-test";
		};
/* End PBXNativeTarget section */

/* Begin PBXProject section */
		B16D78E62CCD7A23005611FD /* Project object */ = {
			isa = PBXProject;
			attributes = {
				BuildIndependentTargetsInParallel = 1;
				LastSwiftUpdateCheck = 1500;
				LastUpgradeCheck = 1500;
				TargetAttributes = {
					B16D78EE2CCD7A23005611FD = {
						CreatedOnToolsVersion = 15.0.1;
						LastSwiftMigration = 1500;
					};
					B16D78F62CCD7A24005611FD = {
						CreatedOnToolsVersion = 15.0.1;
					};
				};
			};
			buildConfigurationList = B16D78E92CCD7A23005611FD /* Build configuration list for PBXProject "Linkify" */;
			compatibilityVersion = "Xcode 14.0";
			developmentRegion = en;
			hasScannedForEncodings = 0;
			knownRegions = (
				en,
				Base,
			);
			mainGroup = B16D78E52CCD7A23005611FD;
			productRefGroup = B16D78F02CCD7A24005611FD /* Products */;
			projectDirPath = "";
			projectRoot = "";
			targets = (
				B16D78EE2CCD7A23005611FD /* Linkify */,
				B16D78F62CCD7A24005611FD /* LinkifyTests */,
			);
		};
/* End PBXProject section */

/* Begin PBXResourcesBuildPhase section */
		B16D78ED2CCD7A23005611FD /* Resources */ = {
			isa = PBXResourcesBuildPhase;
			buildActionMask = 2147483647;
			files = (
				B16D79152CCD88BF005611FD /* LICENSE.txt in Resources */,
			);
			runOnlyForDeploymentPostprocessing = 0;
		};
		B16D78F52CCD7A24005611FD /* Resources */ = {
			isa = PBXResourcesBuildPhase;
			buildActionMask = 2147483647;
			files = (
			);
			runOnlyForDeploymentPostprocessing = 0;
		};
/* End PBXResourcesBuildPhase section */

/* Begin PBXSourcesBuildPhase section */
		B16D78EB2CCD7A23005611FD /* Sources */ = {
			isa = PBXSourcesBuildPhase;
			buildActionMask = 2147483647;
			files = (
				B18CF0B02CCDED6E003DA801 /* Package.swift in Sources */,
				B16D790F2CCD8243005611FD /* LinkifyService.swift in Sources */,
			);
			runOnlyForDeploymentPostprocessing = 0;
		};
		B16D78F32CCD7A24005611FD /* Sources */ = {
			isa = PBXSourcesBuildPhase;
			buildActionMask = 2147483647;
			files = (
				B16D78FD2CCD7A24005611FD /* LinkifyTests.swift in Sources */,
			);
			runOnlyForDeploymentPostprocessing = 0;
		};
/* End PBXSourcesBuildPhase section */

/* Begin PBXTargetDependency section */
		B16D78FA2CCD7A24005611FD /* PBXTargetDependency */ = {
			isa = PBXTargetDependency;
			target = B16D78EE2CCD7A23005611FD /* Linkify */;
			targetProxy = B16D78F92CCD7A24005611FD /* PBXContainerItemProxy */;
		};
/* End PBXTargetDependency section */

/* Begin XCBuildConfiguration section */
		B16D78FF2CCD7A24005611FD /* Debug */ = {
			isa = XCBuildConfiguration;
			buildSettings = {
				ALWAYS_SEARCH_USER_PATHS = NO;
				ASSETCATALOG_COMPILER_GENERATE_SWIFT_ASSET_SYMBOL_EXTENSIONS = YES;
				CLANG_ANALYZER_NONNULL = YES;
				CLANG_ANALYZER_NUMBER_OBJECT_CONVERSION = YES_AGGRESSIVE;
				CLANG_CXX_LANGUAGE_STANDARD = "gnu++20";
				CLANG_ENABLE_MODULES = YES;
				CLANG_ENABLE_OBJC_ARC = YES;
				CLANG_ENABLE_OBJC_WEAK = YES;
				CLANG_WARN_BLOCK_CAPTURE_AUTORELEASING = YES;
				CLANG_WARN_BOOL_CONVERSION = YES;
				CLANG_WARN_COMMA = YES;
				CLANG_WARN_CONSTANT_CONVERSION = YES;
				CLANG_WARN_DEPRECATED_OBJC_IMPLEMENTATIONS = YES;
				CLANG_WARN_DIRECT_OBJC_ISA_USAGE = YES_ERROR;
				CLANG_WARN_DOCUMENTATION_COMMENTS = YES;
				CLANG_WARN_EMPTY_BODY = YES;
				CLANG_WARN_ENUM_CONVERSION = YES;
				CLANG_WARN_INFINITE_RECURSION = YES;
				CLANG_WARN_INT_CONVERSION = YES;
				CLANG_WARN_NON_LITERAL_NULL_CONVERSION = YES;
				CLANG_WARN_OBJC_IMPLICIT_RETAIN_SELF = YES;
				CLANG_WARN_OBJC_LITERAL_CONVERSION = YES;
				CLANG_WARN_OBJC_ROOT_CLASS = YES_ERROR;
				CLANG_WARN_QUOTED_INCLUDE_IN_FRAMEWORK_HEADER = YES;
				CLANG_WARN_RANGE_LOOP_ANALYSIS = YES;
				CLANG_WARN_STRICT_PROTOTYPES = YES;
				CLANG_WARN_SUSPICIOUS_MOVE = YES;
				CLANG_WARN_UNGUARDED_AVAILABILITY = YES_AGGRESSIVE;
				CLANG_WARN_UNREACHABLE_CODE = YES;
				CLANG_WARN__DUPLICATE_METHOD_MATCH = YES;
				COPY_PHASE_STRIP = NO;
				CURRENT_PROJECT_VERSION = 1;
				DEBUG_INFORMATION_FORMAT = dwarf;
				ENABLE_STRICT_OBJC_MSGSEND = YES;
				ENABLE_TESTABILITY = YES;
				ENABLE_USER_SCRIPT_SANDBOXING = YES;
				GCC_C_LANGUAGE_STANDARD = gnu17;
				GCC_DYNAMIC_NO_PIC = NO;
				GCC_NO_COMMON_BLOCKS = YES;
				GCC_OPTIMIZATION_LEVEL = 0;
				GCC_PREPROCESSOR_DEFINITIONS = (
					"DEBUG=1",
					"$(inherited)",
				);
				GCC_WARN_64_TO_32_BIT_CONVERSION = YES;
				GCC_WARN_ABOUT_RETURN_TYPE = YES_ERROR;
				GCC_WARN_UNDECLARED_SELECTOR = YES;
				GCC_WARN_UNINITIALIZED_AUTOS = YES_AGGRESSIVE;
				GCC_WARN_UNUSED_FUNCTION = YES;
				GCC_WARN_UNUSED_VARIABLE = YES;
				IPHONEOS_DEPLOYMENT_TARGET = 12.0;
				LOCALIZATION_PREFERS_STRING_CATALOGS = YES;
				MTL_ENABLE_DEBUG_INFO = INCLUDE_SOURCE;
				MTL_FAST_MATH = YES;
				ONLY_ACTIVE_ARCH = YES;
				SDKROOT = iphoneos;
				SWIFT_ACTIVE_COMPILATION_CONDITIONS = "DEBUG $(inherited)";
				SWIFT_OPTIMIZATION_LEVEL = "-Onone";
				VERSIONING_SYSTEM = "apple-generic";
				VERSION_INFO_PREFIX = "";
			};
			name = Debug;
		};
		B16D79002CCD7A24005611FD /* Release */ = {
			isa = XCBuildConfiguration;
			buildSettings = {
				ALWAYS_SEARCH_USER_PATHS = NO;
				ASSETCATALOG_COMPILER_GENERATE_SWIFT_ASSET_SYMBOL_EXTENSIONS = YES;
				CLANG_ANALYZER_NONNULL = YES;
				CLANG_ANALYZER_NUMBER_OBJECT_CONVERSION = YES_AGGRESSIVE;
				CLANG_CXX_LANGUAGE_STANDARD = "gnu++20";
				CLANG_ENABLE_MODULES = YES;
				CLANG_ENABLE_OBJC_ARC = YES;
				CLANG_ENABLE_OBJC_WEAK = YES;
				CLANG_WARN_BLOCK_CAPTURE_AUTORELEASING = YES;
				CLANG_WARN_BOOL_CONVERSION = YES;
				CLANG_WARN_COMMA = YES;
				CLANG_WARN_CONSTANT_CONVERSION = YES;
				CLANG_WARN_DEPRECATED_OBJC_IMPLEMENTATIONS = YES;
				CLANG_WARN_DIRECT_OBJC_ISA_USAGE = YES_ERROR;
				CLANG_WARN_DOCUMENTATION_COMMENTS = YES;
				CLANG_WARN_EMPTY_BODY = YES;
				CLANG_WARN_ENUM_CONVERSION = YES;
				CLANG_WARN_INFINITE_RECURSION = YES;
				CLANG_WARN_INT_CONVERSION = YES;
				CLANG_WARN_NON_LITERAL_NULL_CONVERSION = YES;
				CLANG_WARN_OBJC_IMPLICIT_RETAIN_SELF = YES;
				CLANG_WARN_OBJC_LITERAL_CONVERSION = YES;
				CLANG_WARN_OBJC_ROOT_CLASS = YES_ERROR;
				CLANG_WARN_QUOTED_INCLUDE_IN_FRAMEWORK_HEADER = YES;
				CLANG_WARN_RANGE_LOOP_ANALYSIS = YES;
				CLANG_WARN_STRICT_PROTOTYPES = YES;
				CLANG_WARN_SUSPICIOUS_MOVE = YES;
				CLANG_WARN_UNGUARDED_AVAILABILITY = YES_AGGRESSIVE;
				CLANG_WARN_UNREACHABLE_CODE = YES;
				CLANG_WARN__DUPLICATE_METHOD_MATCH = YES;
				COPY_PHASE_STRIP = NO;
				CURRENT_PROJECT_VERSION = 1;
				DEBUG_INFORMATION_FORMAT = "dwarf-with-dsym";
				ENABLE_NS_ASSERTIONS = NO;
				ENABLE_STRICT_OBJC_MSGSEND = YES;
				ENABLE_USER_SCRIPT_SANDBOXING = YES;
				GCC_C_LANGUAGE_STANDARD = gnu17;
				GCC_NO_COMMON_BLOCKS = YES;
				GCC_WARN_64_TO_32_BIT_CONVERSION = YES;
				GCC_WARN_ABOUT_RETURN_TYPE = YES_ERROR;
				GCC_WARN_UNDECLARED_SELECTOR = YES;
				GCC_WARN_UNINITIALIZED_AUTOS = YES_AGGRESSIVE;
				GCC_WARN_UNUSED_FUNCTION = YES;
				GCC_WARN_UNUSED_VARIABLE = YES;
				IPHONEOS_DEPLOYMENT_TARGET = 12.0;
				LOCALIZATION_PREFERS_STRING_CATALOGS = YES;
				MTL_ENABLE_DEBUG_INFO = NO;
				MTL_FAST_MATH = YES;
				SDKROOT = iphoneos;
				SWIFT_COMPILATION_MODE = wholemodule;
				VALIDATE_PRODUCT = YES;
				VERSIONING_SYSTEM = "apple-generic";
				VERSION_INFO_PREFIX = "";
			};
			name = Release;
		};
		B16D79022CCD7A24005611FD /* Debug */ = {
			isa = XCBuildConfiguration;
			buildSettings = {
				CLANG_ENABLE_MODULES = YES;
				CODE_SIGN_STYLE = Automatic;
				CURRENT_PROJECT_VERSION = 1;
				DEFINES_MODULE = YES;
				DEVELOPMENT_TEAM = 59UUY3K38Y;
				DYLIB_COMPATIBILITY_VERSION = 1;
				DYLIB_CURRENT_VERSION = 1;
				DYLIB_INSTALL_NAME_BASE = "@rpath";
				ENABLE_MODULE_VERIFIER = YES;
				GENERATE_INFOPLIST_FILE = YES;
				INFOPLIST_KEY_NSHumanReadableCopyright = "";
				INSTALL_PATH = "$(LOCAL_LIBRARY_DIR)/Frameworks";
				IPHONEOS_DEPLOYMENT_TARGET = 12.0;
				LD_RUNPATH_SEARCH_PATHS = (
					"$(inherited)",
					"@executable_path/Frameworks",
					"@loader_path/Frameworks",
				);
				MARKETING_VERSION = 1.0;
				MODULE_VERIFIER_SUPPORTED_LANGUAGES = "objective-c objective-c++";
				MODULE_VERIFIER_SUPPORTED_LANGUAGE_STANDARDS = "gnu17 gnu++20";
				PRODUCT_BUNDLE_IDENTIFIER = com.kaushik.Linkify;
				PRODUCT_NAME = "$(TARGET_NAME:c99extidentifier)";
				SKIP_INSTALL = YES;
				SWIFT_EMIT_LOC_STRINGS = YES;
				SWIFT_OPTIMIZATION_LEVEL = "-Onone";
				SWIFT_VERSION = 5.0;
				TARGETED_DEVICE_FAMILY = "1,2";
			};
			name = Debug;
		};
		B16D79032CCD7A24005611FD /* Release */ = {
			isa = XCBuildConfiguration;
			buildSettings = {
				CLANG_ENABLE_MODULES = YES;
				CODE_SIGN_STYLE = Automatic;
				CURRENT_PROJECT_VERSION = 1;
				DEFINES_MODULE = YES;
				DEVELOPMENT_TEAM = 59UUY3K38Y;
				DYLIB_COMPATIBILITY_VERSION = 1;
				DYLIB_CURRENT_VERSION = 1;
				DYLIB_INSTALL_NAME_BASE = "@rpath";
				ENABLE_MODULE_VERIFIER = YES;
				GENERATE_INFOPLIST_FILE = YES;
				INFOPLIST_KEY_NSHumanReadableCopyright = "";
				INSTALL_PATH = "$(LOCAL_LIBRARY_DIR)/Frameworks";
				IPHONEOS_DEPLOYMENT_TARGET = 12.0;
				LD_RUNPATH_SEARCH_PATHS = (
					"$(inherited)",
					"@executable_path/Frameworks",
					"@loader_path/Frameworks",
				);
				MARKETING_VERSION = 1.0;
				MODULE_VERIFIER_SUPPORTED_LANGUAGES = "objective-c objective-c++";
				MODULE_VERIFIER_SUPPORTED_LANGUAGE_STANDARDS = "gnu17 gnu++20";
				PRODUCT_BUNDLE_IDENTIFIER = com.kaushik.Linkify;
				PRODUCT_NAME = "$(TARGET_NAME:c99extidentifier)";
				SKIP_INSTALL = YES;
				SWIFT_EMIT_LOC_STRINGS = YES;
				SWIFT_VERSION = 5.0;
				TARGETED_DEVICE_FAMILY = "1,2";
			};
			name = Release;
		};
		B16D79052CCD7A24005611FD /* Debug */ = {
			isa = XCBuildConfiguration;
			buildSettings = {
				ALWAYS_EMBED_SWIFT_STANDARD_LIBRARIES = YES;
				CODE_SIGN_STYLE = Automatic;
				CURRENT_PROJECT_VERSION = 1;
				DEVELOPMENT_TEAM = 59UUY3K38Y;
				GENERATE_INFOPLIST_FILE = YES;
				MARKETING_VERSION = 1.0;
				PRODUCT_BUNDLE_IDENTIFIER = com.kaushik.LinkifyTests;
				PRODUCT_NAME = "$(TARGET_NAME)";
				SWIFT_EMIT_LOC_STRINGS = NO;
				SWIFT_VERSION = 5.0;
				TARGETED_DEVICE_FAMILY = "1,2";
			};
			name = Debug;
		};
		B16D79062CCD7A24005611FD /* Release */ = {
			isa = XCBuildConfiguration;
			buildSettings = {
				ALWAYS_EMBED_SWIFT_STANDARD_LIBRARIES = YES;
				CODE_SIGN_STYLE = Automatic;
				CURRENT_PROJECT_VERSION = 1;
				DEVELOPMENT_TEAM = 59UUY3K38Y;
				GENERATE_INFOPLIST_FILE = YES;
				MARKETING_VERSION = 1.0;
				PRODUCT_BUNDLE_IDENTIFIER = com.kaushik.LinkifyTests;
				PRODUCT_NAME = "$(TARGET_NAME)";
				SWIFT_EMIT_LOC_STRINGS = NO;
				SWIFT_VERSION = 5.0;
				TARGETED_DEVICE_FAMILY = "1,2";
			};
			name = Release;
		};
/* End XCBuildConfiguration section */

/* Begin XCConfigurationList section */
		B16D78E92CCD7A23005611FD /* Build configuration list for PBXProject "Linkify" */ = {
			isa = XCConfigurationList;
			buildConfigurations = (
				B16D78FF2CCD7A24005611FD /* Debug */,
				B16D79002CCD7A24005611FD /* Release */,
			);
			defaultConfigurationIsVisible = 0;
			defaultConfigurationName = Release;
		};
		B16D79012CCD7A24005611FD /* Build configuration list for PBXNativeTarget "Linkify" */ = {
			isa = XCConfigurationList;
			buildConfigurations = (
				B16D79022CCD7A24005611FD /* Debug */,
				B16D79032CCD7A24005611FD /* Release */,
			);
			defaultConfigurationIsVisible = 0;
			defaultConfigurationName = Release;
		};
		B16D79042CCD7A24005611FD /* Build configuration list for PBXNativeTarget "LinkifyTests" */ = {
			isa = XCConfigurationList;
			buildConfigurations = (
				B16D79052CCD7A24005611FD /* Debug */,
				B16D79062CCD7A24005611FD /* Release */,
			);
			defaultConfigurationIsVisible = 0;
			defaultConfigurationName = Release;
		};
/* End XCConfigurationList section */
	};
	rootObject = B16D78E62CCD7A23005611FD /* Project object */;
}
